// !$*UTF8*$!
{
	archiveVersion = 1;
	classes = {
	};
	objectVersion = 55;
	objects = {

/* Begin PBXBuildFile section */
		BD92B9B92CADF3C1000052E8 /* AppDelegate.swift in Sources */ = {isa = PBXBuildFile; fileRef = BD92B9B82CADF3C1000052E8 /* AppDelegate.swift */; };
		BD92B9BB2CADF3C1000052E8 /* SceneDelegate.swift in Sources */ = {isa = PBXBuildFile; fileRef = BD92B9BA2CADF3C1000052E8 /* SceneDelegate.swift */; };
		BD92B9BD2CADF3C1000052E8 /* ViewController.swift in Sources */ = {isa = PBXBuildFile; fileRef = BD92B9BC2CADF3C1000052E8 /* ViewController.swift */; };
		BD92B9C02CADF3C1000052E8 /* Main.storyboard in Resources */ = {isa = PBXBuildFile; fileRef = BD92B9BE2CADF3C1000052E8 /* Main.storyboard */; };
		BD92B9C32CADF3C1000052E8 /* PonceColeccionDeJuegos.xcdatamodeld in Sources */ = {isa = PBXBuildFile; fileRef = BD92B9C12CADF3C1000052E8 /* PonceColeccionDeJuegos.xcdatamodeld */; };
		BD92B9C52CADF3C3000052E8 /* Assets.xcassets in Resources */ = {isa = PBXBuildFile; fileRef = BD92B9C42CADF3C3000052E8 /* Assets.xcassets */; };
		BD92B9C82CADF3C3000052E8 /* LaunchScreen.storyboard in Resources */ = {isa = PBXBuildFile; fileRef = BD92B9C62CADF3C3000052E8 /* LaunchScreen.storyboard */; };
/* End PBXBuildFile section */

/* Begin PBXFileReference section */
		BD92B9B52CADF3C1000052E8 /* PonceColeccionDeJuegos.app */ = {isa = PBXFileReference; explicitFileType = wrapper.application; includeInIndex = 0; path = PonceColeccionDeJuegos.app; sourceTree = BUILT_PRODUCTS_DIR; };
		BD92B9B82CADF3C1000052E8 /* AppDelegate.swift */ = {isa = PBXFileReference; lastKnownFileType = sourcecode.swift; path = AppDelegate.swift; sourceTree = "<group>"; };
		BD92B9BA2CADF3C1000052E8 /* SceneDelegate.swift */ = {isa = PBXFileReference; lastKnownFileType = sourcecode.swift; path = SceneDelegate.swift; sourceTree = "<group>"; };
		BD92B9BC2CADF3C1000052E8 /* ViewController.swift */ = {isa = PBXFileReference; lastKnownFileType = sourcecode.swift; path = ViewController.swift; sourceTree = "<group>"; };
		BD92B9BF2CADF3C1000052E8 /* Base */ = {isa = PBXFileReference; lastKnownFileType = file.storyboard; name = Base; path = Base.lproj/Main.storyboard; sourceTree = "<group>"; };
		BD92B9C22CADF3C1000052E8 /* PonceColeccionDeJuegos.xcdatamodel */ = {isa = PBXFileReference; lastKnownFileType = wrapper.xcdatamodel; path = PonceColeccionDeJuegos.xcdatamodel; sourceTree = "<group>"; };
		BD92B9C42CADF3C3000052E8 /* Assets.xcassets */ = {isa = PBXFileReference; lastKnownFileType = folder.assetcatalog; path = Assets.xcassets; sourceTree = "<group>"; };
		BD92B9C72CADF3C3000052E8 /* Base */ = {isa = PBXFileReference; lastKnownFileType = file.storyboard; name = Base; path = Base.lproj/LaunchScreen.storyboard; sourceTree = "<group>"; };
		BD92B9C92CADF3C3000052E8 /* Info.plist */ = {isa = PBXFileReference; lastKnownFileType = text.plist.xml; path = Info.plist; sourceTree = "<group>"; };
/* End PBXFileReference section */

/* Begin PBXFrameworksBuildPhase section */
		BD92B9B22CADF3C1000052E8 /* Frameworks */ = {
			isa = PBXFrameworksBuildPhase;
			buildActionMask = 2147483647;
			files = (
			);
			runOnlyForDeploymentPostprocessing = 0;
		};
/* End PBXFrameworksBuildPhase section */

/* Begin PBXGroup section */
		BD92B9AC2CADF3C1000052E8 = {
			isa = PBXGroup;
			children = (
				BD92B9B72CADF3C1000052E8 /* PonceColeccionDeJuegos */,
				BD92B9B62CADF3C1000052E8 /* Products */,
			);
			sourceTree = "<group>";
		};
		BD92B9B62CADF3C1000052E8 /* Products */ = {
			isa = PBXGroup;
			children = (
				BD92B9B52CADF3C1000052E8 /* PonceColeccionDeJuegos.app */,
			);
			name = Products;
			sourceTree = "<group>";
		};
		BD92B9B72CADF3C1000052E8 /* PonceColeccionDeJuegos */ = {
			isa = PBXGroup;
			children = (
				BD92B9B82CADF3C1000052E8 /* AppDelegate.swift */,
				BD92B9BA2CADF3C1000052E8 /* SceneDelegate.swift */,
				BD92B9BC2CADF3C1000052E8 /* ViewController.swift */,
				BD92B9BE2CADF3C1000052E8 /* Main.storyboard */,
				BD92B9C42CADF3C3000052E8 /* Assets.xcassets */,
				BD92B9C62CADF3C3000052E8 /* LaunchScreen.storyboard */,
				BD92B9C92CADF3C3000052E8 /* Info.plist */,
				BD92B9C12CADF3C1000052E8 /* PonceColeccionDeJuegos.xcdatamodeld */,
			);
			path = PonceColeccionDeJuegos;
			sourceTree = "<group>";
		};
/* End PBXGroup section */

/* Begin PBXNativeTarget section */
		BD92B9B42CADF3C1000052E8 /* PonceColeccionDeJuegos */ = {
			isa = PBXNativeTarget;
			buildConfigurationList = BD92B9CC2CADF3C3000052E8 /* Build configuration list for PBXNativeTarget "PonceColeccionDeJuegos" */;
			buildPhases = (
				BD92B9B12CADF3C1000052E8 /* Sources */,
				BD92B9B22CADF3C1000052E8 /* Frameworks */,
				BD92B9B32CADF3C1000052E8 /* Resources */,
			);
			buildRules = (
			);
			dependencies = (
			);
			name = PonceColeccionDeJuegos;
			productName = PonceColeccionDeJuegos;
			productReference = BD92B9B52CADF3C1000052E8 /* PonceColeccionDeJuegos.app */;
			productType = "com.apple.product-type.application";
		};
/* End PBXNativeTarget section */

/* Begin PBXProject section */
		BD92B9AD2CADF3C1000052E8 /* Project object */ = {
			isa = PBXProject;
			attributes = {
				BuildIndependentTargetsInParallel = 1;
				LastSwiftUpdateCheck = 1330;
				LastUpgradeCheck = 1330;
				TargetAttributes = {
					BD92B9B42CADF3C1000052E8 = {
						CreatedOnToolsVersion = 13.3;
					};
				};
			};
			buildConfigurationList = BD92B9B02CADF3C1000052E8 /* Build configuration list for PBXProject "PonceColeccionDeJuegos" */;
			compatibilityVersion = "Xcode 13.0";
			developmentRegion = en;
			hasScannedForEncodings = 0;
			knownRegions = (
				en,
				Base,
			);
			mainGroup = BD92B9AC2CADF3C1000052E8;
			productRefGroup = BD92B9B62CADF3C1000052E8 /* Products */;
			projectDirPath = "";
			projectRoot = "";
			targets = (
				BD92B9B42CADF3C1000052E8 /* PonceColeccionDeJuegos */,
			);
		};
/* End PBXProject section */

/* Begin PBXResourcesBuildPhase section */
		BD92B9B32CADF3C1000052E8 /* Resources */ = {
			isa = PBXResourcesBuildPhase;
			buildActionMask = 2147483647;
			files = (
				BD92B9C82CADF3C3000052E8 /* LaunchScreen.storyboard in Resources */,
				BD92B9C52CADF3C3000052E8 /* Assets.xcassets in Resources */,
				BD92B9C02CADF3C1000052E8 /* Main.storyboard in Resources */,
			);
			runOnlyForDeploymentPostprocessing = 0;
		};
/* End PBXResourcesBuildPhase section */

/* Begin PBXSourcesBuildPhase section */
		BD92B9B12CADF3C1000052E8 /* Sources */ = {
			isa = PBXSourcesBuildPhase;
			buildActionMask = 2147483647;
			files = (
				BD92B9BD2CADF3C1000052E8 /* ViewController.swift in Sources */,
				BD92B9C32CADF3C1000052E8 /* PonceColeccionDeJuegos.xcdatamodeld in Sources */,
				BD92B9B92CADF3C1000052E8 /* AppDelegate.swift in Sources */,
				BD92B9BB2CADF3C1000052E8 /* SceneDelegate.swift in Sources */,
			);
			runOnlyForDeploymentPostprocessing = 0;
		};
/* End PBXSourcesBuildPhase section */

/* Begin PBXVariantGroup section */
		BD92B9BE2CADF3C1000052E8 /* Main.storyboard */ = {
			isa = PBXVariantGroup;
			children = (
				BD92B9BF2CADF3C1000052E8 /* Base */,
			);
			name = Main.storyboard;
			sourceTree = "<group>";
		};
		BD92B9C62CADF3C3000052E8 /* LaunchScreen.storyboard */ = {
			isa = PBXVariantGroup;
			children = (
				BD92B9C72CADF3C3000052E8 /* Base */,
			);
			name = LaunchScreen.storyboard;
			sourceTree = "<group>";
		};
/* End PBXVariantGroup section */

/* Begin XCBuildConfiguration section */
		BD92B9CA2CADF3C3000052E8 /* Debug */ = {
			isa = XCBuildConfiguration;
			buildSettings = {
				ALWAYS_SEARCH_USER_PATHS = NO;
				CLANG_ANALYZER_NONNULL = YES;
				CLANG_ANALYZER_NUMBER_OBJECT_CONVERSION = YES_AGGRESSIVE;
				CLANG_CXX_LANGUAGE_STANDARD = "gnu++17";
				CLANG_ENABLE_MODULES = YES;
				CLANG_ENABLE_OBJC_ARC = YES;
				CLANG_ENABLE_OBJC_WEAK = YES;
				CLANG_WARN_BLOCK_CAPTURE_AUTORELEASING = YES;
				CLANG_WARN_BOOL_CONVERSION = YES;
				CLANG_WARN_COMMA = YES;
				CLANG_WARN_CONSTANT_CONVERSION = YES;
				CLANG_WARN_DEPRECATED_OBJC_IMPLEMENTATIONS = YES;
				CLANG_WARN_DIRECT_OBJC_ISA_USAGE = YES_ERROR;
				CLANG_WARN_DOCUMENTATION_COMMENTS = YES;
				CLANG_WARN_EMPTY_BODY = YES;
				CLANG_WARN_ENUM_CONVERSION = YES;
				CLANG_WARN_INFINITE_RECURSION = YES;
				CLANG_WARN_INT_CONVERSION = YES;
				CLANG_WARN_NON_LITERAL_NULL_CONVERSION = YES;
				CLANG_WARN_OBJC_IMPLICIT_RETAIN_SELF = YES;
				CLANG_WARN_OBJC_LITERAL_CONVERSION = YES;
				CLANG_WARN_OBJC_ROOT_CLASS = YES_ERROR;
				CLANG_WARN_QUOTED_INCLUDE_IN_FRAMEWORK_HEADER = YES;
				CLANG_WARN_RANGE_LOOP_ANALYSIS = YES;
				CLANG_WARN_STRICT_PROTOTYPES = YES;
				CLANG_WARN_SUSPICIOUS_MOVE = YES;
				CLANG_WARN_UNGUARDED_AVAILABILITY = YES_AGGRESSIVE;
				CLANG_WARN_UNREACHABLE_CODE = YES;
				CLANG_WARN__DUPLICATE_METHOD_MATCH = YES;
				COPY_PHASE_STRIP = NO;
				DEBUG_INFORMATION_FORMAT = dwarf;
				ENABLE_STRICT_OBJC_MSGSEND = YES;
				ENABLE_TESTABILITY = YES;
				GCC_C_LANGUAGE_STANDARD = gnu11;
				GCC_DYNAMIC_NO_PIC = NO;
				GCC_NO_COMMON_BLOCKS = YES;
				GCC_OPTIMIZATION_LEVEL = 0;
				GCC_PREPROCESSOR_DEFINITIONS = (
					"DEBUG=1",
					"$(inherited)",
				);
				GCC_WARN_64_TO_32_BIT_CONVERSION = YES;
				GCC_WARN_ABOUT_RETURN_TYPE = YES_ERROR;
				GCC_WARN_UNDECLARED_SELECTOR = YES;
				GCC_WARN_UNINITIALIZED_AUTOS = YES_AGGRESSIVE;
				GCC_WARN_UNUSED_FUNCTION = YES;
				GCC_WARN_UNUSED_VARIABLE = YES;
				IPHONEOS_DEPLOYMENT_TARGET = 15.4;
				MTL_ENABLE_DEBUG_INFO = INCLUDE_SOURCE;
				MTL_FAST_MATH = YES;
				ONLY_ACTIVE_ARCH = YES;
				SDKROOT = iphoneos;
				SWIFT_ACTIVE_COMPILATION_CONDITIONS = DEBUG;
				SWIFT_OPTIMIZATION_LEVEL = "-Onone";
			};
			name = Debug;
		};
		BD92B9CB2CADF3C3000052E8 /* Release */ = {
			isa = XCBuildConfiguration;
			buildSettings = {
				ALWAYS_SEARCH_USER_PATHS = NO;
				CLANG_ANALYZER_NONNULL = YES;
				CLANG_ANALYZER_NUMBER_OBJECT_CONVERSION = YES_AGGRESSIVE;
				CLANG_CXX_LANGUAGE_STANDARD = "gnu++17";
				CLANG_ENABLE_MODULES = YES;
				CLANG_ENABLE_OBJC_ARC = YES;
				CLANG_ENABLE_OBJC_WEAK = YES;
				CLANG_WARN_BLOCK_CAPTURE_AUTORELEASING = YES;
				CLANG_WARN_BOOL_CONVERSION = YES;
				CLANG_WARN_COMMA = YES;
				CLANG_WARN_CONSTANT_CONVERSION = YES;
				CLANG_WARN_DEPRECATED_OBJC_IMPLEMENTATIONS = YES;
				CLANG_WARN_DIRECT_OBJC_ISA_USAGE = YES_ERROR;
				CLANG_WARN_DOCUMENTATION_COMMENTS = YES;
				CLANG_WARN_EMPTY_BODY = YES;
				CLANG_WARN_ENUM_CONVERSION = YES;
				CLANG_WARN_INFINITE_RECURSION = YES;
				CLANG_WARN_INT_CONVERSION = YES;
				CLANG_WARN_NON_LITERAL_NULL_CONVERSION = YES;
				CLANG_WARN_OBJC_IMPLICIT_RETAIN_SELF = YES;
				CLANG_WARN_OBJC_LITERAL_CONVERSION = YES;
				CLANG_WARN_OBJC_ROOT_CLASS = YES_ERROR;
				CLANG_WARN_QUOTED_INCLUDE_IN_FRAMEWORK_HEADER = YES;
				CLANG_WARN_RANGE_LOOP_ANALYSIS = YES;
				CLANG_WARN_STRICT_PROTOTYPES = YES;
				CLANG_WARN_SUSPICIOUS_MOVE = YES;
				CLANG_WARN_UNGUARDED_AVAILABILITY = YES_AGGRESSIVE;
				CLANG_WARN_UNREACHABLE_CODE = YES;
				CLANG_WARN__DUPLICATE_METHOD_MATCH = YES;
				COPY_PHASE_STRIP = NO;
				DEBUG_INFORMATION_FORMAT = "dwarf-with-dsym";
				ENABLE_NS_ASSERTIONS = NO;
				ENABLE_STRICT_OBJC_MSGSEND = YES;
				GCC_C_LANGUAGE_STANDARD = gnu11;
				GCC_NO_COMMON_BLOCKS = YES;
				GCC_WARN_64_TO_32_BIT_CONVERSION = YES;
				GCC_WARN_ABOUT_RETURN_TYPE = YES_ERROR;
				GCC_WARN_UNDECLARED_SELECTOR = YES;
				GCC_WARN_UNINITIALIZED_AUTOS = YES_AGGRESSIVE;
				GCC_WARN_UNUSED_FUNCTION = YES;
				GCC_WARN_UNUSED_VARIABLE = YES;
				IPHONEOS_DEPLOYMENT_TARGET = 15.4;
				MTL_ENABLE_DEBUG_INFO = NO;
				MTL_FAST_MATH = YES;
				SDKROOT = iphoneos;
				SWIFT_COMPILATION_MODE = wholemodule;
				SWIFT_OPTIMIZATION_LEVEL = "-O";
				VALIDATE_PRODUCT = YES;
			};
			name = Release;
		};
		BD92B9CD2CADF3C3000052E8 /* Debug */ = {
			isa = XCBuildConfiguration;
			buildSettings = {
				ASSETCATALOG_COMPILER_APPICON_NAME = AppIcon;
				ASSETCATALOG_COMPILER_GLOBAL_ACCENT_COLOR_NAME = AccentColor;
				CODE_SIGN_STYLE = Automatic;
				CURRENT_PROJECT_VERSION = 1;
				GENERATE_INFOPLIST_FILE = YES;
				INFOPLIST_FILE = PonceColeccionDeJuegos/Info.plist;
				INFOPLIST_KEY_UIApplicationSupportsIndirectInputEvents = YES;
				INFOPLIST_KEY_UILaunchStoryboardName = LaunchScreen;
				INFOPLIST_KEY_UIMainStoryboardFile = Main;
				INFOPLIST_KEY_UISupportedInterfaceOrientations_iPad = "UIInterfaceOrientationPortrait UIInterfaceOrientationPortraitUpsideDown UIInterfaceOrientationLandscapeLeft UIInterfaceOrientationLandscapeRight";
				INFOPLIST_KEY_UISupportedInterfaceOrientations_iPhone = "UIInterfaceOrientationPortrait UIInterfaceOrientationLandscapeLeft UIInterfaceOrientationLandscapeRight";
				LD_RUNPATH_SEARCH_PATHS = (
					"$(inherited)",
					"@executable_path/Frameworks",
				);
				MARKETING_VERSION = 1.0;
				PRODUCT_BUNDLE_IDENTIFIER = empresa.PonceColeccionDeJuegos;
				PRODUCT_NAME = "$(TARGET_NAME)";
				SWIFT_EMIT_LOC_STRINGS = YES;
				SWIFT_VERSION = 5.0;
				TARGETED_DEVICE_FAMILY = "1,2";
			};
			name = Debug;
		};
		BD92B9CE2CADF3C3000052E8 /* Release */ = {
			isa = XCBuildConfiguration;
			buildSettings = {
				ASSETCATALOG_COMPILER_APPICON_NAME = AppIcon;
				ASSETCATALOG_COMPILER_GLOBAL_ACCENT_COLOR_NAME = AccentColor;
				CODE_SIGN_STYLE = Automatic;
				CURRENT_PROJECT_VERSION = 1;
				GENERATE_INFOPLIST_FILE = YES;
				INFOPLIST_FILE = PonceColeccionDeJuegos/Info.plist;
				INFOPLIST_KEY_UIApplicationSupportsIndirectInputEvents = YES;
				INFOPLIST_KEY_UILaunchStoryboardName = LaunchScreen;
				INFOPLIST_KEY_UIMainStoryboardFile = Main;
				INFOPLIST_KEY_UISupportedInterfaceOrientations_iPad = "UIInterfaceOrientationPortrait UIInterfaceOrientationPortraitUpsideDown UIInterfaceOrientationLandscapeLeft UIInterfaceOrientationLandscapeRight";
				INFOPLIST_KEY_UISupportedInterfaceOrientations_iPhone = "UIInterfaceOrientationPortrait UIInterfaceOrientationLandscapeLeft UIInterfaceOrientationLandscapeRight";
				LD_RUNPATH_SEARCH_PATHS = (
					"$(inherited)",
					"@executable_path/Frameworks",
				);
				MARKETING_VERSION = 1.0;
				PRODUCT_BUNDLE_IDENTIFIER = empresa.PonceColeccionDeJuegos;
				PRODUCT_NAME = "$(TARGET_NAME)";
				SWIFT_EMIT_LOC_STRINGS = YES;
				SWIFT_VERSION = 5.0;
				TARGETED_DEVICE_FAMILY = "1,2";
			};
			name = Release;
		};
/* End XCBuildConfiguration section */

/* Begin XCConfigurationList section */
		BD92B9B02CADF3C1000052E8 /* Build configuration list for PBXProject "PonceColeccionDeJuegos" */ = {
			isa = XCConfigurationList;
			buildConfigurations = (
				BD92B9CA2CADF3C3000052E8 /* Debug */,
				BD92B9CB2CADF3C3000052E8 /* Release */,
			);
			defaultConfigurationIsVisible = 0;
			defaultConfigurationName = Release;
		};
		BD92B9CC2CADF3C3000052E8 /* Build configuration list for PBXNativeTarget "PonceColeccionDeJuegos" */ = {
			isa = XCConfigurationList;
			buildConfigurations = (
				BD92B9CD2CADF3C3000052E8 /* Debug */,
				BD92B9CE2CADF3C3000052E8 /* Release */,
			);
			defaultConfigurationIsVisible = 0;
			defaultConfigurationName = Release;
		};
/* End XCConfigurationList section */

/* Begin XCVersionGroup section */
		BD92B9C12CADF3C1000052E8 /* PonceColeccionDeJuegos.xcdatamodeld */ = {
			isa = XCVersionGroup;
			children = (
				BD92B9C22CADF3C1000052E8 /* PonceColeccionDeJuegos.xcdatamodel */,
			);
			currentVersion = BD92B9C22CADF3C1000052E8 /* PonceColeccionDeJuegos.xcdatamodel */;
			path = PonceColeccionDeJuegos.xcdatamodeld;
			sourceTree = "<group>";
			versionGroupType = wrapper.xcdatamodel;
		};
/* End XCVersionGroup section */
	};
	rootObject = BD92B9AD2CADF3C1000052E8 /* Project object */;
}
